
Microsoft Visual Studio Solution File, Format Version 12.00
# Visual Studio Version 17
VisualStudioVersion = 17.1.32210.238
MinimumVisualStudioVersion = 10.0.40219.1
Project("{FAE04EC0-301F-11D3-BF4B-00C04F79EFBC}") = "BookApplication", "BookApplication\BookApplication.csproj", "{470CD203-19ED-43FA-A9CA-533823D767B0}"
EndProject
Global
	GlobalSection(SolutionConfigurationPlatforms) = preSolution
		Debug|Any CPU = Debug|Any CPU
		Release|Any CPU = Release|Any CPU
	EndGlobalSection
	GlobalSection(ProjectConfigurationPlatforms) = postSolution
		{470CD203-19ED-43FA-A9CA-533823D767B0}.Debug|Any CPU.ActiveCfg = Debug|Any CPU
		{470CD203-19ED-43FA-A9CA-533823D767B0}.Debug|Any CPU.Build.0 = Debug|Any CPU
		{470CD203-19ED-43FA-A9CA-533823D767B0}.Release|Any CPU.ActiveCfg = Release|Any CPU
		{470CD203-19ED-43FA-A9CA-533823D767B0}.Release|Any CPU.Build.0 = Release|Any CPU
	EndGlobalSection
	GlobalSection(SolutionProperties) = preSolution
		HideSolutionNode = FALSE
	EndGlobalSection
	GlobalSection(ExtensibilityGlobals) = postSolution
		SolutionGuid = {4083F978-04D3-488E-9961-6DF7A7F6F331}
	EndGlobalSection
EndGlobal
